// !$*UTF8*$!
{
	archiveVersion = 1;
	classes = {
	};
	objectVersion = 50;
	objects = {

/* Begin PBXBuildFile section */
		192A298E95ADD4BAA4986294 /* Pods_MindBowserAssingmentTests.framework in Frameworks */ = {isa = PBXBuildFile; fileRef = DFCEF58DB4D6EFC9D64C4246 /* Pods_MindBowserAssingmentTests.framework */; };
		2B3CC87C65C2331B9F2471FB /* Pods_MindBowserAssingmentUITests.framework in Frameworks */ = {isa = PBXBuildFile; fileRef = A8BEA2B5BBC992A87DDBDBC7 /* Pods_MindBowserAssingmentUITests.framework */; };
		4A25A7222126B4C300A19EA1 /* AppDelegate.swift in Sources */ = {isa = PBXBuildFile; fileRef = 4A25A7212126B4C300A19EA1 /* AppDelegate.swift */; };
		4A25A7242126B4C300A19EA1 /* ViewController.swift in Sources */ = {isa = PBXBuildFile; fileRef = 4A25A7232126B4C300A19EA1 /* ViewController.swift */; };
		4A25A7272126B4C300A19EA1 /* Main.storyboard in Resources */ = {isa = PBXBuildFile; fileRef = 4A25A7252126B4C300A19EA1 /* Main.storyboard */; };
		4A25A72A2126B4C300A19EA1 /* MindBowserAssingment.xcdatamodeld in Sources */ = {isa = PBXBuildFile; fileRef = 4A25A7282126B4C300A19EA1 /* MindBowserAssingment.xcdatamodeld */; };
		4A25A72C2126B4C900A19EA1 /* Assets.xcassets in Resources */ = {isa = PBXBuildFile; fileRef = 4A25A72B2126B4C900A19EA1 /* Assets.xcassets */; };
		4A25A72F2126B4C900A19EA1 /* LaunchScreen.storyboard in Resources */ = {isa = PBXBuildFile; fileRef = 4A25A72D2126B4C900A19EA1 /* LaunchScreen.storyboard */; };
		4A25A73A2126B4C900A19EA1 /* MindBowserAssingmentTests.swift in Sources */ = {isa = PBXBuildFile; fileRef = 4A25A7392126B4C900A19EA1 /* MindBowserAssingmentTests.swift */; };
		4A25A7452126B4C900A19EA1 /* MindBowserAssingmentUITests.swift in Sources */ = {isa = PBXBuildFile; fileRef = 4A25A7442126B4C900A19EA1 /* MindBowserAssingmentUITests.swift */; };
		4ABE6AEF2126F75400C617A8 /* TwitterCore.framework in Frameworks */ = {isa = PBXBuildFile; fileRef = 4ABE6AEE2126F75300C617A8 /* TwitterCore.framework */; };
		4ABE6AF12126F75E00C617A8 /* TwitterKit.framework in Frameworks */ = {isa = PBXBuildFile; fileRef = 4ABE6AF02126F75E00C617A8 /* TwitterKit.framework */; };
		533AE3656F9D270D600162BC /* Pods_MindBowserAssingment.framework in Frameworks */ = {isa = PBXBuildFile; fileRef = 063227292121B96D4B04E67D /* Pods_MindBowserAssingment.framework */; };
/* End PBXBuildFile section */

/* Begin PBXContainerItemProxy section */
		4A25A7362126B4C900A19EA1 /* PBXContainerItemProxy */ = {
			isa = PBXContainerItemProxy;
			containerPortal = 4A25A7162126B4C300A19EA1 /* Project object */;
			proxyType = 1;
			remoteGlobalIDString = 4A25A71D2126B4C300A19EA1;
			remoteInfo = MindBowserAssingment;
		};
		4A25A7412126B4C900A19EA1 /* PBXContainerItemProxy */ = {
			isa = PBXContainerItemProxy;
			containerPortal = 4A25A7162126B4C300A19EA1 /* Project object */;
			proxyType = 1;
			remoteGlobalIDString = 4A25A71D2126B4C300A19EA1;
			remoteInfo = MindBowserAssingment;
		};
/* End PBXContainerItemProxy section */

/* Begin PBXFileReference section */
		063227292121B96D4B04E67D /* Pods_MindBowserAssingment.framework */ = {isa = PBXFileReference; explicitFileType = wrapper.framework; includeInIndex = 0; path = Pods_MindBowserAssingment.framework; sourceTree = BUILT_PRODUCTS_DIR; };
		10864C648F9C330A0DF0DDAD /* Pods-MindBowserAssingmentUITests.debug.xcconfig */ = {isa = PBXFileReference; includeInIndex = 1; lastKnownFileType = text.xcconfig; name = "Pods-MindBowserAssingmentUITests.debug.xcconfig"; path = "Pods/Target Support Files/Pods-MindBowserAssingmentUITests/Pods-MindBowserAssingmentUITests.debug.xcconfig"; sourceTree = "<group>"; };
		25D929E5A16F3007D298D5CD /* Pods-MindBowserAssingmentUITests.release.xcconfig */ = {isa = PBXFileReference; includeInIndex = 1; lastKnownFileType = text.xcconfig; name = "Pods-MindBowserAssingmentUITests.release.xcconfig"; path = "Pods/Target Support Files/Pods-MindBowserAssingmentUITests/Pods-MindBowserAssingmentUITests.release.xcconfig"; sourceTree = "<group>"; };
		4A25A71E2126B4C300A19EA1 /* MindBowserAssingment.app */ = {isa = PBXFileReference; explicitFileType = wrapper.application; includeInIndex = 0; path = MindBowserAssingment.app; sourceTree = BUILT_PRODUCTS_DIR; };
		4A25A7212126B4C300A19EA1 /* AppDelegate.swift */ = {isa = PBXFileReference; lastKnownFileType = sourcecode.swift; path = AppDelegate.swift; sourceTree = "<group>"; };
		4A25A7232126B4C300A19EA1 /* ViewController.swift */ = {isa = PBXFileReference; lastKnownFileType = sourcecode.swift; path = ViewController.swift; sourceTree = "<group>"; };
		4A25A7262126B4C300A19EA1 /* Base */ = {isa = PBXFileReference; lastKnownFileType = file.storyboard; name = Base; path = Base.lproj/Main.storyboard; sourceTree = "<group>"; };
		4A25A7292126B4C300A19EA1 /* MindBowserAssingment.xcdatamodel */ = {isa = PBXFileReference; lastKnownFileType = wrapper.xcdatamodel; path = MindBowserAssingment.xcdatamodel; sourceTree = "<group>"; };
		4A25A72B2126B4C900A19EA1 /* Assets.xcassets */ = {isa = PBXFileReference; lastKnownFileType = folder.assetcatalog; path = Assets.xcassets; sourceTree = "<group>"; };
		4A25A72E2126B4C900A19EA1 /* Base */ = {isa = PBXFileReference; lastKnownFileType = file.storyboard; name = Base; path = Base.lproj/LaunchScreen.storyboard; sourceTree = "<group>"; };
		4A25A7302126B4C900A19EA1 /* Info.plist */ = {isa = PBXFileReference; lastKnownFileType = text.plist.xml; path = Info.plist; sourceTree = "<group>"; };
		4A25A7352126B4C900A19EA1 /* MindBowserAssingmentTests.xctest */ = {isa = PBXFileReference; explicitFileType = wrapper.cfbundle; includeInIndex = 0; path = MindBowserAssingmentTests.xctest; sourceTree = BUILT_PRODUCTS_DIR; };
		4A25A7392126B4C900A19EA1 /* MindBowserAssingmentTests.swift */ = {isa = PBXFileReference; lastKnownFileType = sourcecode.swift; path = MindBowserAssingmentTests.swift; sourceTree = "<group>"; };
		4A25A73B2126B4C900A19EA1 /* Info.plist */ = {isa = PBXFileReference; lastKnownFileType = text.plist.xml; path = Info.plist; sourceTree = "<group>"; };
		4A25A7402126B4C900A19EA1 /* MindBowserAssingmentUITests.xctest */ = {isa = PBXFileReference; explicitFileType = wrapper.cfbundle; includeInIndex = 0; path = MindBowserAssingmentUITests.xctest; sourceTree = BUILT_PRODUCTS_DIR; };
		4A25A7442126B4C900A19EA1 /* MindBowserAssingmentUITests.swift */ = {isa = PBXFileReference; lastKnownFileType = sourcecode.swift; path = MindBowserAssingmentUITests.swift; sourceTree = "<group>"; };
		4A25A7462126B4C900A19EA1 /* Info.plist */ = {isa = PBXFileReference; lastKnownFileType = text.plist.xml; path = Info.plist; sourceTree = "<group>"; };
		4ABE6AEE2126F75300C617A8 /* TwitterCore.framework */ = {isa = PBXFileReference; lastKnownFileType = wrapper.framework; name = TwitterCore.framework; path = ../TwitterCore.framework; sourceTree = "<group>"; };
		4ABE6AF02126F75E00C617A8 /* TwitterKit.framework */ = {isa = PBXFileReference; lastKnownFileType = wrapper.framework; name = TwitterKit.framework; path = ../TwitterKit.framework; sourceTree = "<group>"; };
		74C96779BAF9F81FDD4D0677 /* Pods-MindBowserAssingmentTests.release.xcconfig */ = {isa = PBXFileReference; includeInIndex = 1; lastKnownFileType = text.xcconfig; name = "Pods-MindBowserAssingmentTests.release.xcconfig"; path = "Pods/Target Support Files/Pods-MindBowserAssingmentTests/Pods-MindBowserAssingmentTests.release.xcconfig"; sourceTree = "<group>"; };
		80F9568FE3590A7A42D39BEF /* Pods-MindBowserAssingment.release.xcconfig */ = {isa = PBXFileReference; includeInIndex = 1; lastKnownFileType = text.xcconfig; name = "Pods-MindBowserAssingment.release.xcconfig"; path = "Pods/Target Support Files/Pods-MindBowserAssingment/Pods-MindBowserAssingment.release.xcconfig"; sourceTree = "<group>"; };
		A8BEA2B5BBC992A87DDBDBC7 /* Pods_MindBowserAssingmentUITests.framework */ = {isa = PBXFileReference; explicitFileType = wrapper.framework; includeInIndex = 0; path = Pods_MindBowserAssingmentUITests.framework; sourceTree = BUILT_PRODUCTS_DIR; };
		D88A12441A1EA1B1BD858BBE /* Pods-MindBowserAssingment.debug.xcconfig */ = {isa = PBXFileReference; includeInIndex = 1; lastKnownFileType = text.xcconfig; name = "Pods-MindBowserAssingment.debug.xcconfig"; path = "Pods/Target Support Files/Pods-MindBowserAssingment/Pods-MindBowserAssingment.debug.xcconfig"; sourceTree = "<group>"; };
		DFCEF58DB4D6EFC9D64C4246 /* Pods_MindBowserAssingmentTests.framework */ = {isa = PBXFileReference; explicitFileType = wrapper.framework; includeInIndex = 0; path = Pods_MindBowserAssingmentTests.framework; sourceTree = BUILT_PRODUCTS_DIR; };
		EAD44C2BC484702872359ED2 /* Pods-MindBowserAssingmentTests.debug.xcconfig */ = {isa = PBXFileReference; includeInIndex = 1; lastKnownFileType = text.xcconfig; name = "Pods-MindBowserAssingmentTests.debug.xcconfig"; path = "Pods/Target Support Files/Pods-MindBowserAssingmentTests/Pods-MindBowserAssingmentTests.debug.xcconfig"; sourceTree = "<group>"; };
/* End PBXFileReference section */

/* Begin PBXFrameworksBuildPhase section */
		4A25A71B2126B4C300A19EA1 /* Frameworks */ = {
			isa = PBXFrameworksBuildPhase;
			buildActionMask = 2147483647;
			files = (
				4ABE6AF12126F75E00C617A8 /* TwitterKit.framework in Frameworks */,
				4ABE6AEF2126F75400C617A8 /* TwitterCore.framework in Frameworks */,
				533AE3656F9D270D600162BC /* Pods_MindBowserAssingment.framework in Frameworks */,
			);
			runOnlyForDeploymentPostprocessing = 0;
		};
		4A25A7322126B4C900A19EA1 /* Frameworks */ = {
			isa = PBXFrameworksBuildPhase;
			buildActionMask = 2147483647;
			files = (
				192A298E95ADD4BAA4986294 /* Pods_MindBowserAssingmentTests.framework in Frameworks */,
			);
			runOnlyForDeploymentPostprocessing = 0;
		};
		4A25A73D2126B4C900A19EA1 /* Frameworks */ = {
			isa = PBXFrameworksBuildPhase;
			buildActionMask = 2147483647;
			files = (
				2B3CC87C65C2331B9F2471FB /* Pods_MindBowserAssingmentUITests.framework in Frameworks */,
			);
			runOnlyForDeploymentPostprocessing = 0;
		};
/* End PBXFrameworksBuildPhase section */

/* Begin PBXGroup section */
		4A25A7152126B4C300A19EA1 = {
			isa = PBXGroup;
			children = (
				4A25A7202126B4C300A19EA1 /* MindBowserAssingment */,
				4A25A7382126B4C900A19EA1 /* MindBowserAssingmentTests */,
				4A25A7432126B4C900A19EA1 /* MindBowserAssingmentUITests */,
				4A25A71F2126B4C300A19EA1 /* Products */,
				FD48117F52AF6CBFEB798B1A /* Pods */,
				878A3DB312E658EA7F939C8D /* Frameworks */,
			);
			sourceTree = "<group>";
		};
		4A25A71F2126B4C300A19EA1 /* Products */ = {
			isa = PBXGroup;
			children = (
				4A25A71E2126B4C300A19EA1 /* MindBowserAssingment.app */,
				4A25A7352126B4C900A19EA1 /* MindBowserAssingmentTests.xctest */,
				4A25A7402126B4C900A19EA1 /* MindBowserAssingmentUITests.xctest */,
			);
			name = Products;
			sourceTree = "<group>";
		};
		4A25A7202126B4C300A19EA1 /* MindBowserAssingment */ = {
			isa = PBXGroup;
			children = (
				4A25A7212126B4C300A19EA1 /* AppDelegate.swift */,
				4A25A7232126B4C300A19EA1 /* ViewController.swift */,
				4A25A7252126B4C300A19EA1 /* Main.storyboard */,
				4A25A72B2126B4C900A19EA1 /* Assets.xcassets */,
				4A25A72D2126B4C900A19EA1 /* LaunchScreen.storyboard */,
				4A25A7302126B4C900A19EA1 /* Info.plist */,
				4A25A7282126B4C300A19EA1 /* MindBowserAssingment.xcdatamodeld */,
			);
			path = MindBowserAssingment;
			sourceTree = "<group>";
		};
		4A25A7382126B4C900A19EA1 /* MindBowserAssingmentTests */ = {
			isa = PBXGroup;
			children = (
				4A25A7392126B4C900A19EA1 /* MindBowserAssingmentTests.swift */,
				4A25A73B2126B4C900A19EA1 /* Info.plist */,
			);
			path = MindBowserAssingmentTests;
			sourceTree = "<group>";
		};
		4A25A7432126B4C900A19EA1 /* MindBowserAssingmentUITests */ = {
			isa = PBXGroup;
			children = (
				4A25A7442126B4C900A19EA1 /* MindBowserAssingmentUITests.swift */,
				4A25A7462126B4C900A19EA1 /* Info.plist */,
			);
			path = MindBowserAssingmentUITests;
			sourceTree = "<group>";
		};
		878A3DB312E658EA7F939C8D /* Frameworks */ = {
			isa = PBXGroup;
			children = (
				4ABE6AF02126F75E00C617A8 /* TwitterKit.framework */,
				4ABE6AEE2126F75300C617A8 /* TwitterCore.framework */,
				063227292121B96D4B04E67D /* Pods_MindBowserAssingment.framework */,
				DFCEF58DB4D6EFC9D64C4246 /* Pods_MindBowserAssingmentTests.framework */,
				A8BEA2B5BBC992A87DDBDBC7 /* Pods_MindBowserAssingmentUITests.framework */,
			);
			name = Frameworks;
			sourceTree = "<group>";
		};
		FD48117F52AF6CBFEB798B1A /* Pods */ = {
			isa = PBXGroup;
			children = (
				D88A12441A1EA1B1BD858BBE /* Pods-MindBowserAssingment.debug.xcconfig */,
				80F9568FE3590A7A42D39BEF /* Pods-MindBowserAssingment.release.xcconfig */,
				EAD44C2BC484702872359ED2 /* Pods-MindBowserAssingmentTests.debug.xcconfig */,
				74C96779BAF9F81FDD4D0677 /* Pods-MindBowserAssingmentTests.release.xcconfig */,
				10864C648F9C330A0DF0DDAD /* Pods-MindBowserAssingmentUITests.debug.xcconfig */,
				25D929E5A16F3007D298D5CD /* Pods-MindBowserAssingmentUITests.release.xcconfig */,
			);
			name = Pods;
			sourceTree = "<group>";
		};
/* End PBXGroup section */

/* Begin PBXNativeTarget section */
		4A25A71D2126B4C300A19EA1 /* MindBowserAssingment */ = {
			isa = PBXNativeTarget;
			buildConfigurationList = 4A25A7492126B4C900A19EA1 /* Build configuration list for PBXNativeTarget "MindBowserAssingment" */;
			buildPhases = (
				166900C430958E6BCD5BB5D5 /* [CP] Check Pods Manifest.lock */,
				4A25A71A2126B4C300A19EA1 /* Sources */,
				4A25A71B2126B4C300A19EA1 /* Frameworks */,
				4A25A71C2126B4C300A19EA1 /* Resources */,
				262E3983AF4DA86325C980C5 /* [CP] Embed Pods Frameworks */,
				757ABA3D9BE9A8871980ACF3 /* [CP] Copy Pods Resources */,
				4A25A7522126D07400A19EA1 /* ShellScript */,
			);
			buildRules = (
			);
			dependencies = (
			);
			name = MindBowserAssingment;
			productName = MindBowserAssingment;
			productReference = 4A25A71E2126B4C300A19EA1 /* MindBowserAssingment.app */;
			productType = "com.apple.product-type.application";
		};
		4A25A7342126B4C900A19EA1 /* MindBowserAssingmentTests */ = {
			isa = PBXNativeTarget;
			buildConfigurationList = 4A25A74C2126B4C900A19EA1 /* Build configuration list for PBXNativeTarget "MindBowserAssingmentTests" */;
			buildPhases = (
				FC773E7E7990C8ACE18A24EC /* [CP] Check Pods Manifest.lock */,
				4A25A7312126B4C900A19EA1 /* Sources */,
				4A25A7322126B4C900A19EA1 /* Frameworks */,
				4A25A7332126B4C900A19EA1 /* Resources */,
				05AD7E0B8A1B7282A93858FA /* [CP] Embed Pods Frameworks */,
				CD6FB84AEE012AC30D526AF4 /* [CP] Copy Pods Resources */,
			);
			buildRules = (
			);
			dependencies = (
				4A25A7372126B4C900A19EA1 /* PBXTargetDependency */,
			);
			name = MindBowserAssingmentTests;
			productName = MindBowserAssingmentTests;
			productReference = 4A25A7352126B4C900A19EA1 /* MindBowserAssingmentTests.xctest */;
			productType = "com.apple.product-type.bundle.unit-test";
		};
		4A25A73F2126B4C900A19EA1 /* MindBowserAssingmentUITests */ = {
			isa = PBXNativeTarget;
			buildConfigurationList = 4A25A74F2126B4C900A19EA1 /* Build configuration list for PBXNativeTarget "MindBowserAssingmentUITests" */;
			buildPhases = (
				FA7E0DB5EB19D028218B5C37 /* [CP] Check Pods Manifest.lock */,
				4A25A73C2126B4C900A19EA1 /* Sources */,
				4A25A73D2126B4C900A19EA1 /* Frameworks */,
				4A25A73E2126B4C900A19EA1 /* Resources */,
				68B48DBD2D66975530746C9A /* [CP] Embed Pods Frameworks */,
				FE67D0D675D3B5DD7AAF624D /* [CP] Copy Pods Resources */,
			);
			buildRules = (
			);
			dependencies = (
				4A25A7422126B4C900A19EA1 /* PBXTargetDependency */,
			);
			name = MindBowserAssingmentUITests;
			productName = MindBowserAssingmentUITests;
			productReference = 4A25A7402126B4C900A19EA1 /* MindBowserAssingmentUITests.xctest */;
			productType = "com.apple.product-type.bundle.ui-testing";
		};
/* End PBXNativeTarget section */

/* Begin PBXProject section */
		4A25A7162126B4C300A19EA1 /* Project object */ = {
			isa = PBXProject;
			attributes = {
				LastSwiftUpdateCheck = 0930;
				LastUpgradeCheck = 0930;
				ORGANIZATIONNAME = Lovina;
				TargetAttributes = {
					4A25A71D2126B4C300A19EA1 = {
						CreatedOnToolsVersion = 9.3.1;
					};
					4A25A7342126B4C900A19EA1 = {
						CreatedOnToolsVersion = 9.3.1;
						TestTargetID = 4A25A71D2126B4C300A19EA1;
					};
					4A25A73F2126B4C900A19EA1 = {
						CreatedOnToolsVersion = 9.3.1;
						TestTargetID = 4A25A71D2126B4C300A19EA1;
					};
				};
			};
			buildConfigurationList = 4A25A7192126B4C300A19EA1 /* Build configuration list for PBXProject "MindBowserAssingment" */;
			compatibilityVersion = "Xcode 9.3";
			developmentRegion = en;
			hasScannedForEncodings = 0;
			knownRegions = (
				en,
				Base,
			);
			mainGroup = 4A25A7152126B4C300A19EA1;
			productRefGroup = 4A25A71F2126B4C300A19EA1 /* Products */;
			projectDirPath = "";
			projectRoot = "";
			targets = (
				4A25A71D2126B4C300A19EA1 /* MindBowserAssingment */,
				4A25A7342126B4C900A19EA1 /* MindBowserAssingmentTests */,
				4A25A73F2126B4C900A19EA1 /* MindBowserAssingmentUITests */,
			);
		};
/* End PBXProject section */

/* Begin PBXResourcesBuildPhase section */
		4A25A71C2126B4C300A19EA1 /* Resources */ = {
			isa = PBXResourcesBuildPhase;
			buildActionMask = 2147483647;
			files = (
				4A25A72F2126B4C900A19EA1 /* LaunchScreen.storyboard in Resources */,
				4A25A72C2126B4C900A19EA1 /* Assets.xcassets in Resources */,
				4A25A7272126B4C300A19EA1 /* Main.storyboard in Resources */,
			);
			runOnlyForDeploymentPostprocessing = 0;
		};
		4A25A7332126B4C900A19EA1 /* Resources */ = {
			isa = PBXResourcesBuildPhase;
			buildActionMask = 2147483647;
			files = (
			);
			runOnlyForDeploymentPostprocessing = 0;
		};
		4A25A73E2126B4C900A19EA1 /* Resources */ = {
			isa = PBXResourcesBuildPhase;
			buildActionMask = 2147483647;
			files = (
			);
			runOnlyForDeploymentPostprocessing = 0;
		};
/* End PBXResourcesBuildPhase section */

/* Begin PBXShellScriptBuildPhase section */
		05AD7E0B8A1B7282A93858FA /* [CP] Embed Pods Frameworks */ = {
			isa = PBXShellScriptBuildPhase;
			buildActionMask = 2147483647;
			files = (
			);
			inputPaths = (
			);
			name = "[CP] Embed Pods Frameworks";
			outputPaths = (
			);
			runOnlyForDeploymentPostprocessing = 0;
			shellPath = /bin/sh;
			shellScript = "\"${SRCROOT}/Pods/Target Support Files/Pods-MindBowserAssingmentTests/Pods-MindBowserAssingmentTests-frameworks.sh\"\n";
			showEnvVarsInLog = 0;
		};
		166900C430958E6BCD5BB5D5 /* [CP] Check Pods Manifest.lock */ = {
			isa = PBXShellScriptBuildPhase;
			buildActionMask = 2147483647;
			files = (
			);
			inputPaths = (
				"${PODS_PODFILE_DIR_PATH}/Podfile.lock",
				"${PODS_ROOT}/Manifest.lock",
			);
			name = "[CP] Check Pods Manifest.lock";
			outputPaths = (
				"$(DERIVED_FILE_DIR)/Pods-MindBowserAssingment-checkManifestLockResult.txt",
			);
			runOnlyForDeploymentPostprocessing = 0;
			shellPath = /bin/sh;
			shellScript = "diff \"${PODS_PODFILE_DIR_PATH}/Podfile.lock\" \"${PODS_ROOT}/Manifest.lock\" > /dev/null\nif [ $? != 0 ] ; then\n    # print error to STDERR\n    echo \"error: The sandbox is not in sync with the Podfile.lock. Run 'pod install' or update your CocoaPods installation.\" >&2\n    exit 1\nfi\n# This output is used by Xcode 'outputs' to avoid re-running this script phase.\necho \"SUCCESS\" > \"${SCRIPT_OUTPUT_FILE_0}\"\n";
			showEnvVarsInLog = 0;
		};
		262E3983AF4DA86325C980C5 /* [CP] Embed Pods Frameworks */ = {
			isa = PBXShellScriptBuildPhase;
			buildActionMask = 2147483647;
			files = (
			);
			inputPaths = (
				"${SRCROOT}/Pods/Target Support Files/Pods-MindBowserAssingment/Pods-MindBowserAssingment-frameworks.sh",
				"${PODS_ROOT}/TwitterCore/iOS/TwitterCore.framework",
				"${PODS_ROOT}/TwitterKit/iOS/TwitterKit.framework",
			);
			name = "[CP] Embed Pods Frameworks";
			outputPaths = (
				"${TARGET_BUILD_DIR}/${FRAMEWORKS_FOLDER_PATH}/TwitterCore.framework",
				"${TARGET_BUILD_DIR}/${FRAMEWORKS_FOLDER_PATH}/TwitterKit.framework",
			);
			runOnlyForDeploymentPostprocessing = 0;
			shellPath = /bin/sh;
			shellScript = "\"${SRCROOT}/Pods/Target Support Files/Pods-MindBowserAssingment/Pods-MindBowserAssingment-frameworks.sh\"\n";
			showEnvVarsInLog = 0;
		};
		4A25A7522126D07400A19EA1 /* ShellScript */ = {
			isa = PBXShellScriptBuildPhase;
			buildActionMask = 2147483647;
			files = (
			);
			inputPaths = (
			);
			outputPaths = (
			);
			runOnlyForDeploymentPostprocessing = 0;
			shellPath = /bin/sh;
			shellScript = "./Fabric.framework/run ff5572b9f0dadf702feab230188e2115dbfff004 9eb691d5bcae4f9e1c6f3f3b377bccb2138f21023ef0791ca2ab2fd53ca26c60";
		};
		68B48DBD2D66975530746C9A /* [CP] Embed Pods Frameworks */ = {
			isa = PBXShellScriptBuildPhase;
			buildActionMask = 2147483647;
			files = (
			);
			inputPaths = (
			);
			name = "[CP] Embed Pods Frameworks";
			outputPaths = (
			);
			runOnlyForDeploymentPostprocessing = 0;
			shellPath = /bin/sh;
			shellScript = "\"${SRCROOT}/Pods/Target Support Files/Pods-MindBowserAssingmentUITests/Pods-MindBowserAssingmentUITests-frameworks.sh\"\n";
			showEnvVarsInLog = 0;
		};
		757ABA3D9BE9A8871980ACF3 /* [CP] Copy Pods Resources */ = {
			isa = PBXShellScriptBuildPhase;
			buildActionMask = 2147483647;
			files = (
			);
			inputPaths = (
				"${SRCROOT}/Pods/Target Support Files/Pods-MindBowserAssingment/Pods-MindBowserAssingment-resources.sh",
				"${PODS_ROOT}/TwitterKit/iOS/TwitterKit.framework/TwitterKitResources.bundle",
			);
			name = "[CP] Copy Pods Resources";
			outputPaths = (
				"${TARGET_BUILD_DIR}/${UNLOCALIZED_RESOURCES_FOLDER_PATH}/TwitterKitResources.bundle",
			);
			runOnlyForDeploymentPostprocessing = 0;
			shellPath = /bin/sh;
			shellScript = "\"${SRCROOT}/Pods/Target Support Files/Pods-MindBowserAssingment/Pods-MindBowserAssingment-resources.sh\"\n";
			showEnvVarsInLog = 0;
		};
		CD6FB84AEE012AC30D526AF4 /* [CP] Copy Pods Resources */ = {
			isa = PBXShellScriptBuildPhase;
			buildActionMask = 2147483647;
			files = (
			);
			inputPaths = (
			);
			name = "[CP] Copy Pods Resources";
			outputPaths = (
			);
			runOnlyForDeploymentPostprocessing = 0;
			shellPath = /bin/sh;
			shellScript = "\"${SRCROOT}/Pods/Target Support Files/Pods-MindBowserAssingmentTests/Pods-MindBowserAssingmentTests-resources.sh\"\n";
			showEnvVarsInLog = 0;
		};
		FA7E0DB5EB19D028218B5C37 /* [CP] Check Pods Manifest.lock */ = {
			isa = PBXShellScriptBuildPhase;
			buildActionMask = 2147483647;
			files = (
			);
			inputPaths = (
				"${PODS_PODFILE_DIR_PATH}/Podfile.lock",
				"${PODS_ROOT}/Manifest.lock",
			);
			name = "[CP] Check Pods Manifest.lock";
			outputPaths = (
				"$(DERIVED_FILE_DIR)/Pods-MindBowserAssingmentUITests-checkManifestLockResult.txt",
			);
			runOnlyForDeploymentPostprocessing = 0;
			shellPath = /bin/sh;
			shellScript = "diff \"${PODS_PODFILE_DIR_PATH}/Podfile.lock\" \"${PODS_ROOT}/Manifest.lock\" > /dev/null\nif [ $? != 0 ] ; then\n    # print error to STDERR\n    echo \"error: The sandbox is not in sync with the Podfile.lock. Run 'pod install' or update your CocoaPods installation.\" >&2\n    exit 1\nfi\n# This output is used by Xcode 'outputs' to avoid re-running this script phase.\necho \"SUCCESS\" > \"${SCRIPT_OUTPUT_FILE_0}\"\n";
			showEnvVarsInLog = 0;
		};
		FC773E7E7990C8ACE18A24EC /* [CP] Check Pods Manifest.lock */ = {
			isa = PBXShellScriptBuildPhase;
			buildActionMask = 2147483647;
			files = (
			);
			inputPaths = (
				"${PODS_PODFILE_DIR_PATH}/Podfile.lock",
				"${PODS_ROOT}/Manifest.lock",
			);
			name = "[CP] Check Pods Manifest.lock";
			outputPaths = (
				"$(DERIVED_FILE_DIR)/Pods-MindBowserAssingmentTests-checkManifestLockResult.txt",
			);
			runOnlyForDeploymentPostprocessing = 0;
			shellPath = /bin/sh;
			shellScript = "diff \"${PODS_PODFILE_DIR_PATH}/Podfile.lock\" \"${PODS_ROOT}/Manifest.lock\" > /dev/null\nif [ $? != 0 ] ; then\n    # print error to STDERR\n    echo \"error: The sandbox is not in sync with the Podfile.lock. Run 'pod install' or update your CocoaPods installation.\" >&2\n    exit 1\nfi\n# This output is used by Xcode 'outputs' to avoid re-running this script phase.\necho \"SUCCESS\" > \"${SCRIPT_OUTPUT_FILE_0}\"\n";
			showEnvVarsInLog = 0;
		};
		FE67D0D675D3B5DD7AAF624D /* [CP] Copy Pods Resources */ = {
			isa = PBXShellScriptBuildPhase;
			buildActionMask = 2147483647;
			files = (
			);
			inputPaths = (
			);
			name = "[CP] Copy Pods Resources";
			outputPaths = (
			);
			runOnlyForDeploymentPostprocessing = 0;
			shellPath = /bin/sh;
			shellScript = "\"${SRCROOT}/Pods/Target Support Files/Pods-MindBowserAssingmentUITests/Pods-MindBowserAssingmentUITests-resources.sh\"\n";
			showEnvVarsInLog = 0;
		};
/* End PBXShellScriptBuildPhase section */

/* Begin PBXSourcesBuildPhase section */
		4A25A71A2126B4C300A19EA1 /* Sources */ = {
			isa = PBXSourcesBuildPhase;
			buildActionMask = 2147483647;
			files = (
				4A25A7242126B4C300A19EA1 /* ViewController.swift in Sources */,
				4A25A72A2126B4C300A19EA1 /* MindBowserAssingment.xcdatamodeld in Sources */,
				4A25A7222126B4C300A19EA1 /* AppDelegate.swift in Sources */,
			);
			runOnlyForDeploymentPostprocessing = 0;
		};
		4A25A7312126B4C900A19EA1 /* Sources */ = {
			isa = PBXSourcesBuildPhase;
			buildActionMask = 2147483647;
			files = (
				4A25A73A2126B4C900A19EA1 /* MindBowserAssingmentTests.swift in Sources */,
			);
			runOnlyForDeploymentPostprocessing = 0;
		};
		4A25A73C2126B4C900A19EA1 /* Sources */ = {
			isa = PBXSourcesBuildPhase;
			buildActionMask = 2147483647;
			files = (
				4A25A7452126B4C900A19EA1 /* MindBowserAssingmentUITests.swift in Sources */,
			);
			runOnlyForDeploymentPostprocessing = 0;
		};
/* End PBXSourcesBuildPhase section */

/* Begin PBXTargetDependency section */
		4A25A7372126B4C900A19EA1 /* PBXTargetDependency */ = {
			isa = PBXTargetDependency;
			target = 4A25A71D2126B4C300A19EA1 /* MindBowserAssingment */;
			targetProxy = 4A25A7362126B4C900A19EA1 /* PBXContainerItemProxy */;
		};
		4A25A7422126B4C900A19EA1 /* PBXTargetDependency */ = {
			isa = PBXTargetDependency;
			target = 4A25A71D2126B4C300A19EA1 /* MindBowserAssingment */;
			targetProxy = 4A25A7412126B4C900A19EA1 /* PBXContainerItemProxy */;
		};
/* End PBXTargetDependency section */

/* Begin PBXVariantGroup section */
		4A25A7252126B4C300A19EA1 /* Main.storyboard */ = {
			isa = PBXVariantGroup;
			children = (
				4A25A7262126B4C300A19EA1 /* Base */,
			);
			name = Main.storyboard;
			sourceTree = "<group>";
		};
		4A25A72D2126B4C900A19EA1 /* LaunchScreen.storyboard */ = {
			isa = PBXVariantGroup;
			children = (
				4A25A72E2126B4C900A19EA1 /* Base */,
			);
			name = LaunchScreen.storyboard;
			sourceTree = "<group>";
		};
/* End PBXVariantGroup section */

/* Begin XCBuildConfiguration section */
		4A25A7472126B4C900A19EA1 /* Debug */ = {
			isa = XCBuildConfiguration;
			buildSettings = {
				ALWAYS_SEARCH_USER_PATHS = NO;
				CLANG_ANALYZER_NONNULL = YES;
				CLANG_ANALYZER_NUMBER_OBJECT_CONVERSION = YES_AGGRESSIVE;
				CLANG_CXX_LANGUAGE_STANDARD = "gnu++14";
				CLANG_CXX_LIBRARY = "libc++";
				CLANG_ENABLE_MODULES = YES;
				CLANG_ENABLE_OBJC_ARC = YES;
				CLANG_ENABLE_OBJC_WEAK = YES;
				CLANG_WARN_BLOCK_CAPTURE_AUTORELEASING = YES;
				CLANG_WARN_BOOL_CONVERSION = YES;
				CLANG_WARN_COMMA = YES;
				CLANG_WARN_CONSTANT_CONVERSION = YES;
				CLANG_WARN_DEPRECATED_OBJC_IMPLEMENTATIONS = YES;
				CLANG_WARN_DIRECT_OBJC_ISA_USAGE = YES_ERROR;
				CLANG_WARN_DOCUMENTATION_COMMENTS = YES;
				CLANG_WARN_EMPTY_BODY = YES;
				CLANG_WARN_ENUM_CONVERSION = YES;
				CLANG_WARN_INFINITE_RECURSION = YES;
				CLANG_WARN_INT_CONVERSION = YES;
				CLANG_WARN_NON_LITERAL_NULL_CONVERSION = YES;
				CLANG_WARN_OBJC_IMPLICIT_RETAIN_SELF = YES;
				CLANG_WARN_OBJC_LITERAL_CONVERSION = YES;
				CLANG_WARN_OBJC_ROOT_CLASS = YES_ERROR;
				CLANG_WARN_RANGE_LOOP_ANALYSIS = YES;
				CLANG_WARN_STRICT_PROTOTYPES = YES;
				CLANG_WARN_SUSPICIOUS_MOVE = YES;
				CLANG_WARN_UNGUARDED_AVAILABILITY = YES_AGGRESSIVE;
				CLANG_WARN_UNREACHABLE_CODE = YES;
				CLANG_WARN__DUPLICATE_METHOD_MATCH = YES;
				CODE_SIGN_IDENTITY = "iPhone Developer";
				COPY_PHASE_STRIP = NO;
				DEBUG_INFORMATION_FORMAT = dwarf;
				ENABLE_STRICT_OBJC_MSGSEND = YES;
				ENABLE_TESTABILITY = YES;
				GCC_C_LANGUAGE_STANDARD = gnu11;
				GCC_DYNAMIC_NO_PIC = NO;
				GCC_NO_COMMON_BLOCKS = YES;
				GCC_OPTIMIZATION_LEVEL = 0;
				GCC_PREPROCESSOR_DEFINITIONS = (
					"DEBUG=1",
					"$(inherited)",
				);
				GCC_WARN_64_TO_32_BIT_CONVERSION = YES;
				GCC_WARN_ABOUT_RETURN_TYPE = YES_ERROR;
				GCC_WARN_UNDECLARED_SELECTOR = YES;
				GCC_WARN_UNINITIALIZED_AUTOS = YES_AGGRESSIVE;
				GCC_WARN_UNUSED_FUNCTION = YES;
				GCC_WARN_UNUSED_VARIABLE = YES;
				IPHONEOS_DEPLOYMENT_TARGET = 11.3;
				MTL_ENABLE_DEBUG_INFO = YES;
				ONLY_ACTIVE_ARCH = YES;
				SDKROOT = iphoneos;
				SWIFT_ACTIVE_COMPILATION_CONDITIONS = DEBUG;
				SWIFT_OPTIMIZATION_LEVEL = "-Onone";
			};
			name = Debug;
		};
		4A25A7482126B4C900A19EA1 /* Release */ = {
			isa = XCBuildConfiguration;
			buildSettings = {
				ALWAYS_SEARCH_USER_PATHS = NO;
				CLANG_ANALYZER_NONNULL = YES;
				CLANG_ANALYZER_NUMBER_OBJECT_CONVERSION = YES_AGGRESSIVE;
				CLANG_CXX_LANGUAGE_STANDARD = "gnu++14";
				CLANG_CXX_LIBRARY = "libc++";
				CLANG_ENABLE_MODULES = YES;
				CLANG_ENABLE_OBJC_ARC = YES;
				CLANG_ENABLE_OBJC_WEAK = YES;
				CLANG_WARN_BLOCK_CAPTURE_AUTORELEASING = YES;
				CLANG_WARN_BOOL_CONVERSION = YES;
				CLANG_WARN_COMMA = YES;
				CLANG_WARN_CONSTANT_CONVERSION = YES;
				CLANG_WARN_DEPRECATED_OBJC_IMPLEMENTATIONS = YES;
				CLANG_WARN_DIRECT_OBJC_ISA_USAGE = YES_ERROR;
				CLANG_WARN_DOCUMENTATION_COMMENTS = YES;
				CLANG_WARN_EMPTY_BODY = YES;
				CLANG_WARN_ENUM_CONVERSION = YES;
				CLANG_WARN_INFINITE_RECURSION = YES;
				CLANG_WARN_INT_CONVERSION = YES;
				CLANG_WARN_NON_LITERAL_NULL_CONVERSION = YES;
				CLANG_WARN_OBJC_IMPLICIT_RETAIN_SELF = YES;
				CLANG_WARN_OBJC_LITERAL_CONVERSION = YES;
				CLANG_WARN_OBJC_ROOT_CLASS = YES_ERROR;
				CLANG_WARN_RANGE_LOOP_ANALYSIS = YES;
				CLANG_WARN_STRICT_PROTOTYPES = YES;
				CLANG_WARN_SUSPICIOUS_MOVE = YES;
				CLANG_WARN_UNGUARDED_AVAILABILITY = YES_AGGRESSIVE;
				CLANG_WARN_UNREACHABLE_CODE = YES;
				CLANG_WARN__DUPLICATE_METHOD_MATCH = YES;
				CODE_SIGN_IDENTITY = "iPhone Developer";
				COPY_PHASE_STRIP = NO;
				DEBUG_INFORMATION_FORMAT = "dwarf-with-dsym";
				ENABLE_NS_ASSERTIONS = NO;
				ENABLE_STRICT_OBJC_MSGSEND = YES;
				GCC_C_LANGUAGE_STANDARD = gnu11;
				GCC_NO_COMMON_BLOCKS = YES;
				GCC_WARN_64_TO_32_BIT_CONVERSION = YES;
				GCC_WARN_ABOUT_RETURN_TYPE = YES_ERROR;
				GCC_WARN_UNDECLARED_SELECTOR = YES;
				GCC_WARN_UNINITIALIZED_AUTOS = YES_AGGRESSIVE;
				GCC_WARN_UNUSED_FUNCTION = YES;
				GCC_WARN_UNUSED_VARIABLE = YES;
				IPHONEOS_DEPLOYMENT_TARGET = 11.3;
				MTL_ENABLE_DEBUG_INFO = NO;
				SDKROOT = iphoneos;
				SWIFT_COMPILATION_MODE = wholemodule;
				SWIFT_OPTIMIZATION_LEVEL = "-O";
				VALIDATE_PRODUCT = YES;
			};
			name = Release;
		};
		4A25A74A2126B4C900A19EA1 /* Debug */ = {
			isa = XCBuildConfiguration;
			baseConfigurationReference = D88A12441A1EA1B1BD858BBE /* Pods-MindBowserAssingment.debug.xcconfig */;
			buildSettings = {
				ASSETCATALOG_COMPILER_APPICON_NAME = AppIcon;
				CODE_SIGN_STYLE = Automatic;
				DEVELOPMENT_TEAM = 26YF7PX5VX;
				INFOPLIST_FILE = MindBowserAssingment/Info.plist;
				LD_RUNPATH_SEARCH_PATHS = (
					"$(inherited)",
					"@executable_path/Frameworks",
				);
				PRODUCT_BUNDLE_IDENTIFIER = IDK.LOVINA.MindBowserAssingment;
				PRODUCT_NAME = "$(TARGET_NAME)";
				SWIFT_VERSION = 4.0;
				TARGETED_DEVICE_FAMILY = "1,2";
			};
			name = Debug;
		};
		4A25A74B2126B4C900A19EA1 /* Release */ = {
			isa = XCBuildConfiguration;
			baseConfigurationReference = 80F9568FE3590A7A42D39BEF /* Pods-MindBowserAssingment.release.xcconfig */;
			buildSettings = {
				ASSETCATALOG_COMPILER_APPICON_NAME = AppIcon;
				CODE_SIGN_STYLE = Automatic;
				DEVELOPMENT_TEAM = 26YF7PX5VX;
				INFOPLIST_FILE = MindBowserAssingment/Info.plist;
				LD_RUNPATH_SEARCH_PATHS = (
					"$(inherited)",
					"@executable_path/Frameworks",
				);
				PRODUCT_BUNDLE_IDENTIFIER = IDK.LOVINA.MindBowserAssingment;
				PRODUCT_NAME = "$(TARGET_NAME)";
				SWIFT_VERSION = 4.0;
				TARGETED_DEVICE_FAMILY = "1,2";
			};
			name = Release;
		};
		4A25A74D2126B4C900A19EA1 /* Debug */ = {
			isa = XCBuildConfiguration;
			baseConfigurationReference = EAD44C2BC484702872359ED2 /* Pods-MindBowserAssingmentTests.debug.xcconfig */;
			buildSettings = {
				ALWAYS_EMBED_SWIFT_STANDARD_LIBRARIES = YES;
				BUNDLE_LOADER = "$(TEST_HOST)";
				CODE_SIGN_STYLE = Automatic;
				DEVELOPMENT_TEAM = 26YF7PX5VX;
				INFOPLIST_FILE = MindBowserAssingmentTests/Info.plist;
				LD_RUNPATH_SEARCH_PATHS = (
					"$(inherited)",
					"@executable_path/Frameworks",
					"@loader_path/Frameworks",
				);
				PRODUCT_BUNDLE_IDENTIFIER = IDK.LOVINA.MindBowserAssingmentTests;
				PRODUCT_NAME = "$(TARGET_NAME)";
				SWIFT_VERSION = 4.0;
				TARGETED_DEVICE_FAMILY = "1,2";
				TEST_HOST = "$(BUILT_PRODUCTS_DIR)/MindBowserAssingment.app/MindBowserAssingment";
			};
			name = Debug;
		};
		4A25A74E2126B4C900A19EA1 /* Release */ = {
			isa = XCBuildConfiguration;
			baseConfigurationReference = 74C96779BAF9F81FDD4D0677 /* Pods-MindBowserAssingmentTests.release.xcconfig */;
			buildSettings = {
				ALWAYS_EMBED_SWIFT_STANDARD_LIBRARIES = YES;
				BUNDLE_LOADER = "$(TEST_HOST)";
				CODE_SIGN_STYLE = Automatic;
				DEVELOPMENT_TEAM = 26YF7PX5VX;
				INFOPLIST_FILE = MindBowserAssingmentTests/Info.plist;
				LD_RUNPATH_SEARCH_PATHS = (
					"$(inherited)",
					"@executable_path/Frameworks",
					"@loader_path/Frameworks",
				);
				PRODUCT_BUNDLE_IDENTIFIER = IDK.LOVINA.MindBowserAssingmentTests;
				PRODUCT_NAME = "$(TARGET_NAME)";
				SWIFT_VERSION = 4.0;
				TARGETED_DEVICE_FAMILY = "1,2";
				TEST_HOST = "$(BUILT_PRODUCTS_DIR)/MindBowserAssingment.app/MindBowserAssingment";
			};
			name = Release;
		};
		4A25A7502126B4C900A19EA1 /* Debug */ = {
			isa = XCBuildConfiguration;
			baseConfigurationReference = 10864C648F9C330A0DF0DDAD /* Pods-MindBowserAssingmentUITests.debug.xcconfig */;
			buildSettings = {
				ALWAYS_EMBED_SWIFT_STANDARD_LIBRARIES = YES;
				CODE_SIGN_STYLE = Automatic;
				DEVELOPMENT_TEAM = 26YF7PX5VX;
				INFOPLIST_FILE = MindBowserAssingmentUITests/Info.plist;
				LD_RUNPATH_SEARCH_PATHS = (
					"$(inherited)",
					"@executable_path/Frameworks",
					"@loader_path/Frameworks",
				);
				PRODUCT_BUNDLE_IDENTIFIER = IDK.LOVINA.MindBowserAssingmentUITests;
				PRODUCT_NAME = "$(TARGET_NAME)";
				SWIFT_VERSION = 4.0;
				TARGETED_DEVICE_FAMILY = "1,2";
				TEST_TARGET_NAME = MindBowserAssingment;
			};
			name = Debug;
		};
		4A25A7512126B4C900A19EA1 /* Release */ = {
			isa = XCBuildConfiguration;
			baseConfigurationReference = 25D929E5A16F3007D298D5CD /* Pods-MindBowserAssingmentUITests.release.xcconfig */;
			buildSettings = {
				ALWAYS_EMBED_SWIFT_STANDARD_LIBRARIES = YES;
				CODE_SIGN_STYLE = Automatic;
				DEVELOPMENT_TEAM = 26YF7PX5VX;
				INFOPLIST_FILE = MindBowserAssingmentUITests/Info.plist;
				LD_RUNPATH_SEARCH_PATHS = (
					"$(inherited)",
					"@executable_path/Frameworks",
					"@loader_path/Frameworks",
				);
				PRODUCT_BUNDLE_IDENTIFIER = IDK.LOVINA.MindBowserAssingmentUITests;
				PRODUCT_NAME = "$(TARGET_NAME)";
				SWIFT_VERSION = 4.0;
				TARGETED_DEVICE_FAMILY = "1,2";
				TEST_TARGET_NAME = MindBowserAssingment;
			};
			name = Release;
		};
/* End XCBuildConfiguration section */

/* Begin XCConfigurationList section */
		4A25A7192126B4C300A19EA1 /* Build configuration list for PBXProject "MindBowserAssingment" */ = {
			isa = XCConfigurationList;
			buildConfigurations = (
				4A25A7472126B4C900A19EA1 /* Debug */,
				4A25A7482126B4C900A19EA1 /* Release */,
			);
			defaultConfigurationIsVisible = 0;
			defaultConfigurationName = Release;
		};
		4A25A7492126B4C900A19EA1 /* Build configuration list for PBXNativeTarget "MindBowserAssingment" */ = {
			isa = XCConfigurationList;
			buildConfigurations = (
				4A25A74A2126B4C900A19EA1 /* Debug */,
				4A25A74B2126B4C900A19EA1 /* Release */,
			);
			defaultConfigurationIsVisible = 0;
			defaultConfigurationName = Release;
		};
		4A25A74C2126B4C900A19EA1 /* Build configuration list for PBXNativeTarget "MindBowserAssingmentTests" */ = {
			isa = XCConfigurationList;
			buildConfigurations = (
				4A25A74D2126B4C900A19EA1 /* Debug */,
				4A25A74E2126B4C900A19EA1 /* Release */,
			);
			defaultConfigurationIsVisible = 0;
			defaultConfigurationName = Release;
		};
		4A25A74F2126B4C900A19EA1 /* Build configuration list for PBXNativeTarget "MindBowserAssingmentUITests" */ = {
			isa = XCConfigurationList;
			buildConfigurations = (
				4A25A7502126B4C900A19EA1 /* Debug */,
				4A25A7512126B4C900A19EA1 /* Release */,
			);
			defaultConfigurationIsVisible = 0;
			defaultConfigurationName = Release;
		};
/* End XCConfigurationList section */

/* Begin XCVersionGroup section */
		4A25A7282126B4C300A19EA1 /* MindBowserAssingment.xcdatamodeld */ = {
			isa = XCVersionGroup;
			children = (
				4A25A7292126B4C300A19EA1 /* MindBowserAssingment.xcdatamodel */,
			);
			currentVersion = 4A25A7292126B4C300A19EA1 /* MindBowserAssingment.xcdatamodel */;
			path = MindBowserAssingment.xcdatamodeld;
			sourceTree = "<group>";
			versionGroupType = wrapper.xcdatamodel;
		};
/* End XCVersionGroup section */
	};
	rootObject = 4A25A7162126B4C300A19EA1 /* Project object */;
}
